
Microsoft Visual Studio Solution File, Format Version 12.00
# Visual Studio Version 16
VisualStudioVersion = 16.0.31424.327
MinimumVisualStudioVersion = 10.0.40219.1
Project("{9A19103F-16F7-4668-BE54-9A1E7A4F7556}") = "Array", "Array\Array.csproj", "{B22BAC9F-4768-438F-83F0-274F821E07AB}"
EndProject
Project("{2150E333-8FDC-42A3-9474-1A3956D46DE8}") = "ArrayProblems", "ArrayProblems", "{E33BFBFD-6287-4FC8-8A4A-EBA987428A67}"
EndProject
Project("{2150E333-8FDC-42A3-9474-1A3956D46DE8}") = "UnitTests.xUnit", "UnitTests.xUnit", "{9AC91EDC-BAD9-4594-AE8D-4010DB31E1EF}"
EndProject
Project("{9A19103F-16F7-4668-BE54-9A1E7A4F7556}") = "Array.Tests", "Array.xUnitTests\Array.Tests.csproj", "{85397D17-FBCF-4A18-B0C8-9530EE63EDCA}"
EndProject
Project("{2150E333-8FDC-42A3-9474-1A3956D46DE8}") = "SearchingProblems", "SearchingProblems", "{DB00C299-9416-412F-94DC-3A5A0D7D23E9}"
EndProject
Project("{9A19103F-16F7-4668-BE54-9A1E7A4F7556}") = "Searching", "Searching\Searching.csproj", "{5AF9A5E8-A3C4-49E0-B72C-1D3BEF839D5E}"
EndProject
Project("{9A19103F-16F7-4668-BE54-9A1E7A4F7556}") = "Search.Tests", "Search.xUnitTests\Search.Tests.csproj", "{99E80EEE-88D4-4B98-9E4E-E1EA4BA36184}"
EndProject
Project("{2150E333-8FDC-42A3-9474-1A3956D46DE8}") = "LinkedListProblems", "LinkedListProblems", "{09EC2508-4DC6-4EC7-8263-45D595F28F01}"
EndProject
Project("{FAE04EC0-301F-11D3-BF4B-00C04F79EFBC}") = "LinkedList", "LinkedList\LinkedList.csproj", "{043E3562-EAE4-43CE-8A16-4EFBB6B4AD4D}"
EndProject
Project("{FAE04EC0-301F-11D3-BF4B-00C04F79EFBC}") = "LinkedList.Tests", "LinkedList.Tests\LinkedList.Tests.csproj", "{839B4649-9FB3-464A-94BE-A285DBD2C34F}"
EndProject
Global
	GlobalSection(SolutionConfigurationPlatforms) = preSolution
		Debug|Any CPU = Debug|Any CPU
		Release|Any CPU = Release|Any CPU
	EndGlobalSection
	GlobalSection(ProjectConfigurationPlatforms) = postSolution
		{B22BAC9F-4768-438F-83F0-274F821E07AB}.Debug|Any CPU.ActiveCfg = Debug|Any CPU
		{B22BAC9F-4768-438F-83F0-274F821E07AB}.Debug|Any CPU.Build.0 = Debug|Any CPU
		{B22BAC9F-4768-438F-83F0-274F821E07AB}.Release|Any CPU.ActiveCfg = Release|Any CPU
		{B22BAC9F-4768-438F-83F0-274F821E07AB}.Release|Any CPU.Build.0 = Release|Any CPU
		{85397D17-FBCF-4A18-B0C8-9530EE63EDCA}.Debug|Any CPU.ActiveCfg = Debug|Any CPU
		{85397D17-FBCF-4A18-B0C8-9530EE63EDCA}.Debug|Any CPU.Build.0 = Debug|Any CPU
		{85397D17-FBCF-4A18-B0C8-9530EE63EDCA}.Release|Any CPU.ActiveCfg = Release|Any CPU
		{85397D17-FBCF-4A18-B0C8-9530EE63EDCA}.Release|Any CPU.Build.0 = Release|Any CPU
		{5AF9A5E8-A3C4-49E0-B72C-1D3BEF839D5E}.Debug|Any CPU.ActiveCfg = Debug|Any CPU
		{5AF9A5E8-A3C4-49E0-B72C-1D3BEF839D5E}.Debug|Any CPU.Build.0 = Debug|Any CPU
		{5AF9A5E8-A3C4-49E0-B72C-1D3BEF839D5E}.Release|Any CPU.ActiveCfg = Release|Any CPU
		{5AF9A5E8-A3C4-49E0-B72C-1D3BEF839D5E}.Release|Any CPU.Build.0 = Release|Any CPU
		{99E80EEE-88D4-4B98-9E4E-E1EA4BA36184}.Debug|Any CPU.ActiveCfg = Debug|Any CPU
		{99E80EEE-88D4-4B98-9E4E-E1EA4BA36184}.Debug|Any CPU.Build.0 = Debug|Any CPU
		{99E80EEE-88D4-4B98-9E4E-E1EA4BA36184}.Release|Any CPU.ActiveCfg = Release|Any CPU
		{99E80EEE-88D4-4B98-9E4E-E1EA4BA36184}.Release|Any CPU.Build.0 = Release|Any CPU
		{043E3562-EAE4-43CE-8A16-4EFBB6B4AD4D}.Debug|Any CPU.ActiveCfg = Debug|Any CPU
		{043E3562-EAE4-43CE-8A16-4EFBB6B4AD4D}.Debug|Any CPU.Build.0 = Debug|Any CPU
		{043E3562-EAE4-43CE-8A16-4EFBB6B4AD4D}.Release|Any CPU.ActiveCfg = Release|Any CPU
		{043E3562-EAE4-43CE-8A16-4EFBB6B4AD4D}.Release|Any CPU.Build.0 = Release|Any CPU
		{839B4649-9FB3-464A-94BE-A285DBD2C34F}.Debug|Any CPU.ActiveCfg = Debug|Any CPU
		{839B4649-9FB3-464A-94BE-A285DBD2C34F}.Debug|Any CPU.Build.0 = Debug|Any CPU
		{839B4649-9FB3-464A-94BE-A285DBD2C34F}.Release|Any CPU.ActiveCfg = Release|Any CPU
		{839B4649-9FB3-464A-94BE-A285DBD2C34F}.Release|Any CPU.Build.0 = Release|Any CPU
	EndGlobalSection
	GlobalSection(SolutionProperties) = preSolution
		HideSolutionNode = FALSE
	EndGlobalSection
	GlobalSection(NestedProjects) = preSolution
		{B22BAC9F-4768-438F-83F0-274F821E07AB} = {E33BFBFD-6287-4FC8-8A4A-EBA987428A67}
		{85397D17-FBCF-4A18-B0C8-9530EE63EDCA} = {9AC91EDC-BAD9-4594-AE8D-4010DB31E1EF}
		{5AF9A5E8-A3C4-49E0-B72C-1D3BEF839D5E} = {DB00C299-9416-412F-94DC-3A5A0D7D23E9}
		{99E80EEE-88D4-4B98-9E4E-E1EA4BA36184} = {9AC91EDC-BAD9-4594-AE8D-4010DB31E1EF}
		{043E3562-EAE4-43CE-8A16-4EFBB6B4AD4D} = {09EC2508-4DC6-4EC7-8263-45D595F28F01}
		{839B4649-9FB3-464A-94BE-A285DBD2C34F} = {9AC91EDC-BAD9-4594-AE8D-4010DB31E1EF}
	EndGlobalSection
	GlobalSection(ExtensibilityGlobals) = postSolution
		SolutionGuid = {20E7740F-A6C3-4D1F-AACF-A0B9E07BA118}
	EndGlobalSection
EndGlobal
